
Microsoft Visual Studio Solution File, Format Version 12.00
# Visual Studio Version 16
VisualStudioVersion = 16.0.29509.3
MinimumVisualStudioVersion = 10.0.40219.1
Project("{FAE04EC0-301F-11D3-BF4B-00C04F79EFBC}") = "serilogapp", "serilogapp\serilogapp.csproj", "{B25BB06D-5126-4DEB-A3CC-035AF86DC3B7}"
EndProject
Global
	GlobalSection(SolutionConfigurationPlatforms) = preSolution
		Debug|Any CPU = Debug|Any CPU
		Release|Any CPU = Release|Any CPU
	EndGlobalSection
	GlobalSection(ProjectConfigurationPlatforms) = postSolution
		{B25BB06D-5126-4DEB-A3CC-035AF86DC3B7}.Debug|Any CPU.ActiveCfg = Debug|Any CPU
		{B25BB06D-5126-4DEB-A3CC-035AF86DC3B7}.Debug|Any CPU.Build.0 = Debug|Any CPU
		{B25BB06D-5126-4DEB-A3CC-035AF86DC3B7}.Release|Any CPU.ActiveCfg = Release|Any CPU
		{B25BB06D-5126-4DEB-A3CC-035AF86DC3B7}.Release|Any CPU.Build.0 = Release|Any CPU
	EndGlobalSection
	GlobalSection(SolutionProperties) = preSolution
		HideSolutionNode = FALSE
	EndGlobalSection
	GlobalSection(ExtensibilityGlobals) = postSolution
		SolutionGuid = {32D5DC3C-41BE-451D-89A2-8DF56DF7C2A9}
	EndGlobalSection
EndGlobal
